// !$*UTF8*$!
{
	archiveVersion = 1;
	classes = {
	};
	objectVersion = 50;
	objects = {

/* Begin PBXBuildFile section */
		7712345C22BE25FE001FEA0D /* AppDelegate.swift in Sources */ = {isa = PBXBuildFile; fileRef = 7712345B22BE25FE001FEA0D /* AppDelegate.swift */; };
		7712345E22BE25FE001FEA0D /* art.scnassets in Resources */ = {isa = PBXBuildFile; fileRef = 7712345D22BE25FE001FEA0D /* art.scnassets */; };
		7712346022BE25FE001FEA0D /* RampPlacerVC.swift in Sources */ = {isa = PBXBuildFile; fileRef = 7712345F22BE25FE001FEA0D /* RampPlacerVC.swift */; };
		7712346322BE25FE001FEA0D /* Main.storyboard in Resources */ = {isa = PBXBuildFile; fileRef = 7712346122BE25FE001FEA0D /* Main.storyboard */; };
		7712346522BE25FF001FEA0D /* Assets.xcassets in Resources */ = {isa = PBXBuildFile; fileRef = 7712346422BE25FF001FEA0D /* Assets.xcassets */; };
		7712346822BE25FF001FEA0D /* LaunchScreen.storyboard in Resources */ = {isa = PBXBuildFile; fileRef = 7712346622BE25FF001FEA0D /* LaunchScreen.storyboard */; };
		7712347122C3E2E5001FEA0D /* RampPickerVC.swift in Sources */ = {isa = PBXBuildFile; fileRef = 7712347022C3E2E5001FEA0D /* RampPickerVC.swift */; };
		7712347422C5FD30001FEA0D /* Ramp.swift in Sources */ = {isa = PBXBuildFile; fileRef = 7712347322C5FD30001FEA0D /* Ramp.swift */; };
/* End PBXBuildFile section */

/* Begin PBXFileReference section */
		7712345822BE25FE001FEA0D /* ramp-up.app */ = {isa = PBXFileReference; explicitFileType = wrapper.application; includeInIndex = 0; path = "ramp-up.app"; sourceTree = BUILT_PRODUCTS_DIR; };
		7712345B22BE25FE001FEA0D /* AppDelegate.swift */ = {isa = PBXFileReference; lastKnownFileType = sourcecode.swift; path = AppDelegate.swift; sourceTree = "<group>"; };
		7712345D22BE25FE001FEA0D /* art.scnassets */ = {isa = PBXFileReference; lastKnownFileType = wrapper.scnassets; path = art.scnassets; sourceTree = "<group>"; };
		7712345F22BE25FE001FEA0D /* RampPlacerVC.swift */ = {isa = PBXFileReference; lastKnownFileType = sourcecode.swift; path = RampPlacerVC.swift; sourceTree = "<group>"; };
		7712346222BE25FE001FEA0D /* Base */ = {isa = PBXFileReference; lastKnownFileType = file.storyboard; name = Base; path = Base.lproj/Main.storyboard; sourceTree = "<group>"; };
		7712346422BE25FF001FEA0D /* Assets.xcassets */ = {isa = PBXFileReference; lastKnownFileType = folder.assetcatalog; path = Assets.xcassets; sourceTree = "<group>"; };
		7712346722BE25FF001FEA0D /* Base */ = {isa = PBXFileReference; lastKnownFileType = file.storyboard; name = Base; path = Base.lproj/LaunchScreen.storyboard; sourceTree = "<group>"; };
		7712346922BE25FF001FEA0D /* Info.plist */ = {isa = PBXFileReference; lastKnownFileType = text.plist.xml; path = Info.plist; sourceTree = "<group>"; };
		7712347022C3E2E5001FEA0D /* RampPickerVC.swift */ = {isa = PBXFileReference; lastKnownFileType = sourcecode.swift; path = RampPickerVC.swift; sourceTree = "<group>"; };
		7712347322C5FD30001FEA0D /* Ramp.swift */ = {isa = PBXFileReference; lastKnownFileType = sourcecode.swift; path = Ramp.swift; sourceTree = "<group>"; };
/* End PBXFileReference section */

/* Begin PBXFrameworksBuildPhase section */
		7712345522BE25FE001FEA0D /* Frameworks */ = {
			isa = PBXFrameworksBuildPhase;
			buildActionMask = 2147483647;
			files = (
			);
			runOnlyForDeploymentPostprocessing = 0;
		};
/* End PBXFrameworksBuildPhase section */

/* Begin PBXGroup section */
		7712344F22BE25FE001FEA0D = {
			isa = PBXGroup;
			children = (
				7712345A22BE25FE001FEA0D /* ramp-up */,
				7712345922BE25FE001FEA0D /* Products */,
			);
			sourceTree = "<group>";
		};
		7712345922BE25FE001FEA0D /* Products */ = {
			isa = PBXGroup;
			children = (
				7712345822BE25FE001FEA0D /* ramp-up.app */,
			);
			name = Products;
			sourceTree = "<group>";
		};
		7712345A22BE25FE001FEA0D /* ramp-up */ = {
			isa = PBXGroup;
			children = (
				7712347222C5FD1A001FEA0D /* Model */,
				7712346F22BE2758001FEA0D /* controller */,
				7712345B22BE25FE001FEA0D /* AppDelegate.swift */,
				7712345D22BE25FE001FEA0D /* art.scnassets */,
				7712346122BE25FE001FEA0D /* Main.storyboard */,
				7712346422BE25FF001FEA0D /* Assets.xcassets */,
				7712346622BE25FF001FEA0D /* LaunchScreen.storyboard */,
				7712346922BE25FF001FEA0D /* Info.plist */,
			);
			path = "ramp-up";
			sourceTree = "<group>";
		};
		7712346F22BE2758001FEA0D /* controller */ = {
			isa = PBXGroup;
			children = (
				7712345F22BE25FE001FEA0D /* RampPlacerVC.swift */,
				7712347022C3E2E5001FEA0D /* RampPickerVC.swift */,
			);
			path = controller;
			sourceTree = "<group>";
		};
		7712347222C5FD1A001FEA0D /* Model */ = {
			isa = PBXGroup;
			children = (
				7712347322C5FD30001FEA0D /* Ramp.swift */,
			);
			path = Model;
			sourceTree = "<group>";
		};
/* End PBXGroup section */

/* Begin PBXNativeTarget section */
		7712345722BE25FE001FEA0D /* ramp-up */ = {
			isa = PBXNativeTarget;
			buildConfigurationList = 7712346C22BE25FF001FEA0D /* Build configuration list for PBXNativeTarget "ramp-up" */;
			buildPhases = (
				7712345422BE25FE001FEA0D /* Sources */,
				7712345522BE25FE001FEA0D /* Frameworks */,
				7712345622BE25FE001FEA0D /* Resources */,
			);
			buildRules = (
			);
			dependencies = (
			);
			name = "ramp-up";
			productName = "ramp-up";
			productReference = 7712345822BE25FE001FEA0D /* ramp-up.app */;
			productType = "com.apple.product-type.application";
		};
/* End PBXNativeTarget section */

/* Begin PBXProject section */
		7712345022BE25FE001FEA0D /* Project object */ = {
			isa = PBXProject;
			attributes = {
				LastSwiftUpdateCheck = 1010;
				LastUpgradeCheck = 1010;
				ORGANIZATIONNAME = zaymeem;
				TargetAttributes = {
					7712345722BE25FE001FEA0D = {
						CreatedOnToolsVersion = 10.1;
					};
				};
			};
			buildConfigurationList = 7712345322BE25FE001FEA0D /* Build configuration list for PBXProject "ramp-up" */;
			compatibilityVersion = "Xcode 9.3";
			developmentRegion = en;
			hasScannedForEncodings = 0;
			knownRegions = (
				en,
				Base,
			);
			mainGroup = 7712344F22BE25FE001FEA0D;
			productRefGroup = 7712345922BE25FE001FEA0D /* Products */;
			projectDirPath = "";
			projectRoot = "";
			targets = (
				7712345722BE25FE001FEA0D /* ramp-up */,
			);
		};
/* End PBXProject section */

/* Begin PBXResourcesBuildPhase section */
		7712345622BE25FE001FEA0D /* Resources */ = {
			isa = PBXResourcesBuildPhase;
			buildActionMask = 2147483647;
			files = (
				7712345E22BE25FE001FEA0D /* art.scnassets in Resources */,
				7712346822BE25FF001FEA0D /* LaunchScreen.storyboard in Resources */,
				7712346522BE25FF001FEA0D /* Assets.xcassets in Resources */,
				7712346322BE25FE001FEA0D /* Main.storyboard in Resources */,
			);
			runOnlyForDeploymentPostprocessing = 0;
		};
/* End PBXResourcesBuildPhase section */

/* Begin PBXSourcesBuildPhase section */
		7712345422BE25FE001FEA0D /* Sources */ = {
			isa = PBXSourcesBuildPhase;
			buildActionMask = 2147483647;
			files = (
				7712346022BE25FE001FEA0D /* RampPlacerVC.swift in Sources */,
				7712347422C5FD30001FEA0D /* Ramp.swift in Sources */,
				7712347122C3E2E5001FEA0D /* RampPickerVC.swift in Sources */,
				7712345C22BE25FE001FEA0D /* AppDelegate.swift in Sources */,
			);
			runOnlyForDeploymentPostprocessing = 0;
		};
/* End PBXSourcesBuildPhase section */

/* Begin PBXVariantGroup section */
		7712346122BE25FE001FEA0D /* Main.storyboard */ = {
			isa = PBXVariantGroup;
			children = (
				7712346222BE25FE001FEA0D /* Base */,
			);
			name = Main.storyboard;
			sourceTree = "<group>";
		};
		7712346622BE25FF001FEA0D /* LaunchScreen.storyboard */ = {
			isa = PBXVariantGroup;
			children = (
				7712346722BE25FF001FEA0D /* Base */,
			);
			name = LaunchScreen.storyboard;
			sourceTree = "<group>";
		};
/* End PBXVariantGroup section */

/* Begin XCBuildConfiguration section */
		7712346A22BE25FF001FEA0D /* Debug */ = {
			isa = XCBuildConfiguration;
			buildSettings = {
				ALWAYS_SEARCH_USER_PATHS = NO;
				CLANG_ANALYZER_NONNULL = YES;
				CLANG_ANALYZER_NUMBER_OBJECT_CONVERSION = YES_AGGRESSIVE;
				CLANG_CXX_LANGUAGE_STANDARD = "gnu++14";
				CLANG_CXX_LIBRARY = "libc++";
				CLANG_ENABLE_MODULES = YES;
				CLANG_ENABLE_OBJC_ARC = YES;
				CLANG_ENABLE_OBJC_WEAK = YES;
				CLANG_WARN_BLOCK_CAPTURE_AUTORELEASING = YES;
				CLANG_WARN_BOOL_CONVERSION = YES;
				CLANG_WARN_COMMA = YES;
				CLANG_WARN_CONSTANT_CONVERSION = YES;
				CLANG_WARN_DEPRECATED_OBJC_IMPLEMENTATIONS = YES;
				CLANG_WARN_DIRECT_OBJC_ISA_USAGE = YES_ERROR;
				CLANG_WARN_DOCUMENTATION_COMMENTS = YES;
				CLANG_WARN_EMPTY_BODY = YES;
				CLANG_WARN_ENUM_CONVERSION = YES;
				CLANG_WARN_INFINITE_RECURSION = YES;
				CLANG_WARN_INT_CONVERSION = YES;
				CLANG_WARN_NON_LITERAL_NULL_CONVERSION = YES;
				CLANG_WARN_OBJC_IMPLICIT_RETAIN_SELF = YES;
				CLANG_WARN_OBJC_LITERAL_CONVERSION = YES;
				CLANG_WARN_OBJC_ROOT_CLASS = YES_ERROR;
				CLANG_WARN_RANGE_LOOP_ANALYSIS = YES;
				CLANG_WARN_STRICT_PROTOTYPES = YES;
				CLANG_WARN_SUSPICIOUS_MOVE = YES;
				CLANG_WARN_UNGUARDED_AVAILABILITY = YES_AGGRESSIVE;
				CLANG_WARN_UNREACHABLE_CODE = YES;
				CLANG_WARN__DUPLICATE_METHOD_MATCH = YES;
				CODE_SIGN_IDENTITY = "iPhone Developer";
				COPY_PHASE_STRIP = NO;
				DEBUG_INFORMATION_FORMAT = dwarf;
				ENABLE_STRICT_OBJC_MSGSEND = YES;
				ENABLE_TESTABILITY = YES;
				GCC_C_LANGUAGE_STANDARD = gnu11;
				GCC_DYNAMIC_NO_PIC = NO;
				GCC_NO_COMMON_BLOCKS = YES;
				GCC_OPTIMIZATION_LEVEL = 0;
				GCC_PREPROCESSOR_DEFINITIONS = (
					"DEBUG=1",
					"$(inherited)",
				);
				GCC_WARN_64_TO_32_BIT_CONVERSION = YES;
				GCC_WARN_ABOUT_RETURN_TYPE = YES_ERROR;
				GCC_WARN_UNDECLARED_SELECTOR = YES;
				GCC_WARN_UNINITIALIZED_AUTOS = YES_AGGRESSIVE;
				GCC_WARN_UNUSED_FUNCTION = YES;
				GCC_WARN_UNUSED_VARIABLE = YES;
				IPHONEOS_DEPLOYMENT_TARGET = 12.1;
				MTL_ENABLE_DEBUG_INFO = INCLUDE_SOURCE;
				MTL_FAST_MATH = YES;
				ONLY_ACTIVE_ARCH = YES;
				SDKROOT = iphoneos;
				SWIFT_ACTIVE_COMPILATION_CONDITIONS = DEBUG;
				SWIFT_OPTIMIZATION_LEVEL = "-Onone";
			};
			name = Debug;
		};
		7712346B22BE25FF001FEA0D /* Release */ = {
			isa = XCBuildConfiguration;
			buildSettings = {
				ALWAYS_SEARCH_USER_PATHS = NO;
				CLANG_ANALYZER_NONNULL = YES;
				CLANG_ANALYZER_NUMBER_OBJECT_CONVERSION = YES_AGGRESSIVE;
				CLANG_CXX_LANGUAGE_STANDARD = "gnu++14";
				CLANG_CXX_LIBRARY = "libc++";
				CLANG_ENABLE_MODULES = YES;
				CLANG_ENABLE_OBJC_ARC = YES;
				CLANG_ENABLE_OBJC_WEAK = YES;
				CLANG_WARN_BLOCK_CAPTURE_AUTORELEASING = YES;
				CLANG_WARN_BOOL_CONVERSION = YES;
				CLANG_WARN_COMMA = YES;
				CLANG_WARN_CONSTANT_CONVERSION = YES;
				CLANG_WARN_DEPRECATED_OBJC_IMPLEMENTATIONS = YES;
				CLANG_WARN_DIRECT_OBJC_ISA_USAGE = YES_ERROR;
				CLANG_WARN_DOCUMENTATION_COMMENTS = YES;
				CLANG_WARN_EMPTY_BODY = YES;
				CLANG_WARN_ENUM_CONVERSION = YES;
				CLANG_WARN_INFINITE_RECURSION = YES;
				CLANG_WARN_INT_CONVERSION = YES;
				CLANG_WARN_NON_LITERAL_NULL_CONVERSION = YES;
				CLANG_WARN_OBJC_IMPLICIT_RETAIN_SELF = YES;
				CLANG_WARN_OBJC_LITERAL_CONVERSION = YES;
				CLANG_WARN_OBJC_ROOT_CLASS = YES_ERROR;
				CLANG_WARN_RANGE_LOOP_ANALYSIS = YES;
				CLANG_WARN_STRICT_PROTOTYPES = YES;
				CLANG_WARN_SUSPICIOUS_MOVE = YES;
				CLANG_WARN_UNGUARDED_AVAILABILITY = YES_AGGRESSIVE;
				CLANG_WARN_UNREACHABLE_CODE = YES;
				CLANG_WARN__DUPLICATE_METHOD_MATCH = YES;
				CODE_SIGN_IDENTITY = "iPhone Developer";
				COPY_PHASE_STRIP = NO;
				DEBUG_INFORMATION_FORMAT = "dwarf-with-dsym";
				ENABLE_NS_ASSERTIONS = NO;
				ENABLE_STRICT_OBJC_MSGSEND = YES;
				GCC_C_LANGUAGE_STANDARD = gnu11;
				GCC_NO_COMMON_BLOCKS = YES;
				GCC_WARN_64_TO_32_BIT_CONVERSION = YES;
				GCC_WARN_ABOUT_RETURN_TYPE = YES_ERROR;
				GCC_WARN_UNDECLARED_SELECTOR = YES;
				GCC_WARN_UNINITIALIZED_AUTOS = YES_AGGRESSIVE;
				GCC_WARN_UNUSED_FUNCTION = YES;
				GCC_WARN_UNUSED_VARIABLE = YES;
				IPHONEOS_DEPLOYMENT_TARGET = 12.1;
				MTL_ENABLE_DEBUG_INFO = NO;
				MTL_FAST_MATH = YES;
				SDKROOT = iphoneos;
				SWIFT_COMPILATION_MODE = wholemodule;
				SWIFT_OPTIMIZATION_LEVEL = "-O";
				VALIDATE_PRODUCT = YES;
			};
			name = Release;
		};
		7712346D22BE25FF001FEA0D /* Debug */ = {
			isa = XCBuildConfiguration;
			buildSettings = {
				ASSETCATALOG_COMPILER_APPICON_NAME = AppIcon;
				CODE_SIGN_STYLE = Automatic;
				DEVELOPMENT_TEAM = 4Q488F65VP;
				INFOPLIST_FILE = "ramp-up/Info.plist";
				LD_RUNPATH_SEARCH_PATHS = (
					"$(inherited)",
					"@executable_path/Frameworks",
				);
				PRODUCT_BUNDLE_IDENTIFIER = "com.zaymeem.ramp-up";
				PRODUCT_NAME = "$(TARGET_NAME)";
				SWIFT_VERSION = 4.2;
				TARGETED_DEVICE_FAMILY = "1,2";
			};
			name = Debug;
		};
		7712346E22BE25FF001FEA0D /* Release */ = {
			isa = XCBuildConfiguration;
			buildSettings = {
				ASSETCATALOG_COMPILER_APPICON_NAME = AppIcon;
				CODE_SIGN_STYLE = Automatic;
				DEVELOPMENT_TEAM = 4Q488F65VP;
				INFOPLIST_FILE = "ramp-up/Info.plist";
				LD_RUNPATH_SEARCH_PATHS = (
					"$(inherited)",
					"@executable_path/Frameworks",
				);
				PRODUCT_BUNDLE_IDENTIFIER = "com.zaymeem.ramp-up";
				PRODUCT_NAME = "$(TARGET_NAME)";
				SWIFT_VERSION = 4.2;
				TARGETED_DEVICE_FAMILY = "1,2";
			};
			name = Release;
		};
/* End XCBuildConfiguration section */

/* Begin XCConfigurationList section */
		7712345322BE25FE001FEA0D /* Build configuration list for PBXProject "ramp-up" */ = {
			isa = XCConfigurationList;
			buildConfigurations = (
				7712346A22BE25FF001FEA0D /* Debug */,
				7712346B22BE25FF001FEA0D /* Release */,
			);
			defaultConfigurationIsVisible = 0;
			defaultConfigurationName = Release;
		};
		7712346C22BE25FF001FEA0D /* Build configuration list for PBXNativeTarget "ramp-up" */ = {
			isa = XCConfigurationList;
			buildConfigurations = (
				7712346D22BE25FF001FEA0D /* Debug */,
				7712346E22BE25FF001FEA0D /* Release */,
			);
			defaultConfigurationIsVisible = 0;
			defaultConfigurationName = Release;
		};
/* End XCConfigurationList section */
	};
	rootObject = 7712345022BE25FE001FEA0D /* Project object */;
}
